
Microsoft Visual Studio Solution File, Format Version 12.00
# Visual Studio Version 17
VisualStudioVersion = 17.1.32203.90
MinimumVisualStudioVersion = 10.0.40219.1
Project("{FAE04EC0-301F-11D3-BF4B-00C04F79EFBC}") = "Practical1", "Practical1\Practical1.csproj", "{62723D38-1EE1-4821-BB08-A1C1AB3D0A8E}"
EndProject
Global
	GlobalSection(SolutionConfigurationPlatforms) = preSolution
		Debug|Any CPU = Debug|Any CPU
		Release|Any CPU = Release|Any CPU
	EndGlobalSection
	GlobalSection(ProjectConfigurationPlatforms) = postSolution
		{62723D38-1EE1-4821-BB08-A1C1AB3D0A8E}.Debug|Any CPU.ActiveCfg = Debug|Any CPU
		{62723D38-1EE1-4821-BB08-A1C1AB3D0A8E}.Debug|Any CPU.Build.0 = Debug|Any CPU
		{62723D38-1EE1-4821-BB08-A1C1AB3D0A8E}.Release|Any CPU.ActiveCfg = Release|Any CPU
		{62723D38-1EE1-4821-BB08-A1C1AB3D0A8E}.Release|Any CPU.Build.0 = Release|Any CPU
	EndGlobalSection
	GlobalSection(SolutionProperties) = preSolution
		HideSolutionNode = FALSE
	EndGlobalSection
	GlobalSection(ExtensibilityGlobals) = postSolution
		SolutionGuid = {7282D046-3717-4CD4-A495-FE38592DAE58}
	EndGlobalSection
EndGlobal
